{
  "version": 4,
  "terraform_version": "1.3.9",
  "serial": 22,
  "lineage": "42f159b4-f77c-9792-8718-bf95e706d21f",
  "outputs": {
    "external_ip_address_manager": {
      "value": [
        [
          "51.250.2.76"
        ]
      ],
      "type": [
        "tuple",
        [
          [
            "tuple",
            [
              "string"
            ]
          ]
        ]
      ]
    },
    "external_ip_address_worker": {
      "value": [
        [
          "51.250.91.90"
        ]
      ],
      "type": [
        "tuple",
        [
          [
            "tuple",
            [
              "string"
            ]
          ]
        ]
      ]
    }
  },
  "resources": [
    {
      "mode": "managed",
      "type": "yandex_vpc_network",
      "name": "network",
      "provider": "provider[\"registry.terraform.io/yandex-cloud/yandex\"]",
      "instances": [
        {
          "schema_version": 0,
          "attributes": {
            "created_at": "2023-03-08T22:16:42Z",
            "default_security_group_id": "",
            "description": "",
            "folder_id": "b1gitd224klaa1c05rf2",
            "id": "enpjtjhv9gc82bodm15j",
            "labels": {},
            "name": "swarm-network",
            "subnet_ids": [],
            "timeouts": null
          },
          "sensitive_attributes": [],
          "private": "eyJlMmJmYjczMC1lY2FhLTExZTYtOGY4OC0zNDM2M2JjN2M0YzAiOnsiY3JlYXRlIjo2MDAwMDAwMDAwMCwiZGVsZXRlIjo2MDAwMDAwMDAwMCwidXBkYXRlIjo2MDAwMDAwMDAwMH19"
        }
      ]
    },
    {
      "mode": "managed",
      "type": "yandex_vpc_subnet",
      "name": "subnet",
      "provider": "provider[\"registry.terraform.io/yandex-cloud/yandex\"]",
      "instances": [
        {
          "schema_version": 0,
          "attributes": {
            "created_at": "2023-03-08T22:16:43Z",
            "description": "",
            "dhcp_options": [],
            "folder_id": "b1gitd224klaa1c05rf2",
            "id": "e9b0d2gs5f0moh611hel",
            "labels": {},
            "name": "subnet1",
            "network_id": "enpjtjhv9gc82bodm15j",
            "route_table_id": "",
            "timeouts": null,
            "v4_cidr_blocks": [
              "192.168.10.0/24"
            ],
            "v6_cidr_blocks": [],
            "zone": "ru-central1-a"
          },
          "sensitive_attributes": [],
          "private": "eyJlMmJmYjczMC1lY2FhLTExZTYtOGY4OC0zNDM2M2JjN2M0YzAiOnsiY3JlYXRlIjoxODAwMDAwMDAwMDAsImRlbGV0ZSI6MTgwMDAwMDAwMDAwLCJ1cGRhdGUiOjE4MDAwMDAwMDAwMH19",
          "dependencies": [
            "yandex_vpc_network.network"
          ]
        }
      ]
    },
    {
      "module": "module.swarm_cluster",
      "mode": "data",
      "type": "yandex_compute_image",
      "name": "my_image",
      "provider": "provider[\"registry.terraform.io/yandex-cloud/yandex\"]",
      "instances": [
        {
          "schema_version": 0,
          "attributes": {
            "created_at": "2023-01-30T10:49:58Z",
            "description": "ubuntu 20.04 lts",
            "family": "ubuntu-2004-lts",
            "folder_id": "standard-images",
            "id": "fd8snjpoq85qqv0mk9gi",
            "image_id": "fd8snjpoq85qqv0mk9gi",
            "labels": {},
            "min_disk_size": 5,
            "name": "ubuntu-20-04-lts-v20230130",
            "os_type": "linux",
            "pooled": true,
            "product_ids": [
              "f2eb05obffng2supgqli"
            ],
            "size": 3,
            "status": "ready"
          },
          "sensitive_attributes": []
        }
      ]
    },
    {
      "module": "module.swarm_cluster",
      "mode": "managed",
      "type": "null_resource",
      "name": "docker-swarm-manager",
      "provider": "provider[\"registry.terraform.io/hashicorp/null\"]",
      "instances": [
        {
          "index_key": 0,
          "schema_version": 0,
          "attributes": {
            "id": "2801092511600631172",
            "triggers": null
          },
          "sensitive_attributes": [],
          "dependencies": [
            "module.swarm_cluster.data.yandex_compute_image.my_image",
            "module.swarm_cluster.yandex_compute_instance.vm-manager",
            "yandex_vpc_network.network",
            "yandex_vpc_subnet.subnet"
          ]
        }
      ]
    },
    {
      "module": "module.swarm_cluster",
      "mode": "managed",
      "type": "null_resource",
      "name": "docker-swarm-manager-join",
      "provider": "provider[\"registry.terraform.io/hashicorp/null\"]",
      "instances": [
        {
          "index_key": 0,
          "schema_version": 0,
          "attributes": {
            "id": "1808141839929469781",
            "triggers": null
          },
          "sensitive_attributes": [],
          "dependencies": [
            "module.swarm_cluster.data.yandex_compute_image.my_image",
            "module.swarm_cluster.null_resource.docker-swarm-manager",
            "module.swarm_cluster.yandex_compute_instance.vm-manager",
            "yandex_vpc_network.network",
            "yandex_vpc_subnet.subnet"
          ]
        }
      ]
    },
    {
      "module": "module.swarm_cluster",
      "mode": "managed",
      "type": "null_resource",
      "name": "docker-swarm-manager-start",
      "provider": "provider[\"registry.terraform.io/hashicorp/null\"]",
      "instances": [
        {
          "schema_version": 0,
          "attributes": {
            "id": "1041408016062370563",
            "triggers": null
          },
          "sensitive_attributes": [],
          "dependencies": [
            "module.swarm_cluster.data.yandex_compute_image.my_image",
            "module.swarm_cluster.null_resource.docker-swarm-manager",
            "module.swarm_cluster.null_resource.docker-swarm-manager-join",
            "module.swarm_cluster.yandex_compute_instance.vm-manager",
            "yandex_vpc_network.network",
            "yandex_vpc_subnet.subnet"
          ]
        }
      ]
    },
    {
      "module": "module.swarm_cluster",
      "mode": "managed",
      "type": "null_resource",
      "name": "docker-swarm-worker",
      "provider": "provider[\"registry.terraform.io/hashicorp/null\"]",
      "instances": [
        {
          "index_key": 0,
          "schema_version": 0,
          "attributes": {
            "id": "969973722850475915",
            "triggers": null
          },
          "sensitive_attributes": [],
          "dependencies": [
            "module.swarm_cluster.data.yandex_compute_image.my_image",
            "module.swarm_cluster.null_resource.docker-swarm-manager",
            "module.swarm_cluster.null_resource.docker-swarm-manager-join",
            "module.swarm_cluster.yandex_compute_instance.vm-manager",
            "module.swarm_cluster.yandex_compute_instance.vm-worker",
            "yandex_vpc_network.network",
            "yandex_vpc_subnet.subnet"
          ]
        }
      ]
    },
    {
      "module": "module.swarm_cluster",
      "mode": "managed",
      "type": "yandex_compute_instance",
      "name": "vm-manager",
      "provider": "provider[\"registry.terraform.io/yandex-cloud/yandex\"]",
      "instances": [
        {
          "index_key": 0,
          "schema_version": 1,
          "attributes": {
            "allow_recreate": null,
            "allow_stopping_for_update": null,
            "boot_disk": [
              {
                "auto_delete": true,
                "device_name": "fhm0ovhtif8pr43bl6le",
                "disk_id": "fhm0ovhtif8pr43bl6le",
                "initialize_params": [
                  {
                    "block_size": 4096,
                    "description": "",
                    "image_id": "fd8snjpoq85qqv0mk9gi",
                    "name": "",
                    "size": 15,
                    "snapshot_id": "",
                    "type": "network-hdd"
                  }
                ],
                "mode": "READ_WRITE"
              }
            ],
            "created_at": "2023-03-08T22:16:44Z",
            "description": "",
            "filesystem": [],
            "folder_id": "b1gitd224klaa1c05rf2",
            "fqdn": "manager-0.ru-central1.internal",
            "hostname": "manager-0",
            "id": "fhm6upl2ukggfoekhnbo",
            "labels": null,
            "local_disk": [],
            "metadata": {
              "ssh-keys": "ubuntu:ssh-rsa AAAAB3NzaC1yc2EAAAADAQABAAABgQDQ8eB1rC8sK47oXzim7Aw+P0CuJjqxGpGTA/LZy1J5PF6BXUc4+8XXT2g6atuB7uBbn/XIslbTho1A6/9JTDtMkXVEr7tSY9xOsoAXf0+oj0s73EVClCTp6JnAsXjWR+uzshSSed1E6exr0k0T58zORUqU+iyzfZ75JuKtbBlyrKWi1t/xMUoor3xpwynO6hyaEyt9ifuQR92c/XyBW650JTL4aBBgS2rb4hBOPmg2e1fVcpzHZk+TDnU2q1oR38/bUTfQjp2usrqbZiCsypUVdVt6Ke+Qs78CIDJh6iqNhLqEZpUShyCLffB6VlMjqXZKrG+CfEUHGqQqXPS2mZlpR/naB2vknl1v2cJebZogGUMAl1JcuyIR/QEaCA9UPvT0VbzuY7TJoARInN4CBzXzFPCzMjpYPD2qHyFD+YZJ6a00hR/TSGUe0hD+0T2ty1TNZPQ9ZPIQBCBGnDhRpYL/9rkW9TSYLHLT2ilLISOO/aemNbzeM6FVfYSe0zlR/+s= mordgren@ubnttest\n"
            },
            "metadata_options": [
              {
                "aws_v1_http_endpoint": 1,
                "aws_v1_http_token": 2,
                "gce_http_endpoint": 1,
                "gce_http_token": 1
              }
            ],
            "name": "ci-sockshop-docker-swarm-manager-0",
            "network_acceleration_type": "standard",
            "network_interface": [
              {
                "dns_record": [],
                "index": 0,
                "ip_address": "192.168.10.27",
                "ipv4": true,
                "ipv6": false,
                "ipv6_address": "",
                "ipv6_dns_record": [],
                "mac_address": "d0:0d:6f:66:a2:f5",
                "nat": true,
                "nat_dns_record": [],
                "nat_ip_address": "51.250.2.76",
                "nat_ip_version": "IPV4",
                "security_group_ids": [],
                "subnet_id": "e9b0d2gs5f0moh611hel"
              }
            ],
            "placement_policy": [
              {
                "host_affinity_rules": [],
                "placement_group_id": ""
              }
            ],
            "platform_id": "standard-v1",
            "resources": [
              {
                "core_fraction": 100,
                "cores": 2,
                "gpus": 0,
                "memory": 2
              }
            ],
            "scheduling_policy": [
              {
                "preemptible": false
              }
            ],
            "secondary_disk": [],
            "service_account_id": "",
            "status": "running",
            "timeouts": null,
            "zone": "ru-central1-a"
          },
          "sensitive_attributes": [],
          "private": "eyJlMmJmYjczMC1lY2FhLTExZTYtOGY4OC0zNDM2M2JjN2M0YzAiOnsiY3JlYXRlIjozMDAwMDAwMDAwMDAsImRlbGV0ZSI6MzAwMDAwMDAwMDAwLCJ1cGRhdGUiOjMwMDAwMDAwMDAwMH0sInNjaGVtYV92ZXJzaW9uIjoiMSJ9",
          "dependencies": [
            "module.swarm_cluster.data.yandex_compute_image.my_image",
            "yandex_vpc_network.network",
            "yandex_vpc_subnet.subnet"
          ]
        }
      ]
    },
    {
      "module": "module.swarm_cluster",
      "mode": "managed",
      "type": "yandex_compute_instance",
      "name": "vm-worker",
      "provider": "provider[\"registry.terraform.io/yandex-cloud/yandex\"]",
      "instances": [
        {
          "index_key": 0,
          "schema_version": 1,
          "attributes": {
            "allow_recreate": null,
            "allow_stopping_for_update": null,
            "boot_disk": [
              {
                "auto_delete": true,
                "device_name": "fhm5lrold2fqth62em4n",
                "disk_id": "fhm5lrold2fqth62em4n",
                "initialize_params": [
                  {
                    "block_size": 4096,
                    "description": "",
                    "image_id": "fd8snjpoq85qqv0mk9gi",
                    "name": "",
                    "size": 15,
                    "snapshot_id": "",
                    "type": "network-hdd"
                  }
                ],
                "mode": "READ_WRITE"
              }
            ],
            "created_at": "2023-03-08T22:16:44Z",
            "description": "",
            "filesystem": [],
            "folder_id": "b1gitd224klaa1c05rf2",
            "fqdn": "worker-0.ru-central1.internal",
            "hostname": "worker-0",
            "id": "fhmfge8ajneq386dlbcr",
            "labels": null,
            "local_disk": [],
            "metadata": {
              "ssh-keys": "ubuntu:ssh-rsa AAAAB3NzaC1yc2EAAAADAQABAAABgQDQ8eB1rC8sK47oXzim7Aw+P0CuJjqxGpGTA/LZy1J5PF6BXUc4+8XXT2g6atuB7uBbn/XIslbTho1A6/9JTDtMkXVEr7tSY9xOsoAXf0+oj0s73EVClCTp6JnAsXjWR+uzshSSed1E6exr0k0T58zORUqU+iyzfZ75JuKtbBlyrKWi1t/xMUoor3xpwynO6hyaEyt9ifuQR92c/XyBW650JTL4aBBgS2rb4hBOPmg2e1fVcpzHZk+TDnU2q1oR38/bUTfQjp2usrqbZiCsypUVdVt6Ke+Qs78CIDJh6iqNhLqEZpUShyCLffB6VlMjqXZKrG+CfEUHGqQqXPS2mZlpR/naB2vknl1v2cJebZogGUMAl1JcuyIR/QEaCA9UPvT0VbzuY7TJoARInN4CBzXzFPCzMjpYPD2qHyFD+YZJ6a00hR/TSGUe0hD+0T2ty1TNZPQ9ZPIQBCBGnDhRpYL/9rkW9TSYLHLT2ilLISOO/aemNbzeM6FVfYSe0zlR/+s= mordgren@ubnttest\n"
            },
            "metadata_options": [
              {
                "aws_v1_http_endpoint": 1,
                "aws_v1_http_token": 2,
                "gce_http_endpoint": 1,
                "gce_http_token": 1
              }
            ],
            "name": "ci-sockshop-docker-swarm-worker-0",
            "network_acceleration_type": "standard",
            "network_interface": [
              {
                "dns_record": [],
                "index": 0,
                "ip_address": "192.168.10.24",
                "ipv4": true,
                "ipv6": false,
                "ipv6_address": "",
                "ipv6_dns_record": [],
                "mac_address": "d0:0d:f8:39:0a:9d",
                "nat": true,
                "nat_dns_record": [],
                "nat_ip_address": "51.250.91.90",
                "nat_ip_version": "IPV4",
                "security_group_ids": [],
                "subnet_id": "e9b0d2gs5f0moh611hel"
              }
            ],
            "placement_policy": [
              {
                "host_affinity_rules": [],
                "placement_group_id": ""
              }
            ],
            "platform_id": "standard-v1",
            "resources": [
              {
                "core_fraction": 100,
                "cores": 2,
                "gpus": 0,
                "memory": 2
              }
            ],
            "scheduling_policy": [
              {
                "preemptible": false
              }
            ],
            "secondary_disk": [],
            "service_account_id": "",
            "status": "running",
            "timeouts": null,
            "zone": "ru-central1-a"
          },
          "sensitive_attributes": [],
          "private": "eyJlMmJmYjczMC1lY2FhLTExZTYtOGY4OC0zNDM2M2JjN2M0YzAiOnsiY3JlYXRlIjozMDAwMDAwMDAwMDAsImRlbGV0ZSI6MzAwMDAwMDAwMDAwLCJ1cGRhdGUiOjMwMDAwMDAwMDAwMH0sInNjaGVtYV92ZXJzaW9uIjoiMSJ9",
          "dependencies": [
            "module.swarm_cluster.data.yandex_compute_image.my_image",
            "yandex_vpc_network.network",
            "yandex_vpc_subnet.subnet"
          ]
        }
      ]
    }
  ],
  "check_results": null
}
